
Microsoft Visual Studio Solution File, Format Version 12.00
# Visual Studio Version 17
VisualStudioVersion = 17.14.36414.22
MinimumVisualStudioVersion = 10.0.40219.1
Project("{2150E333-8FDC-42A3-9474-1A3956D46DE8}") = "Task0", "Task0", "{36D591C7-65C7-A0D1-1CBC-10CDE441BDC8}"
EndProject
Project("{FAE04EC0-301F-11D3-BF4B-00C04F79EFBC}") = "Tyuiu.YarkovSD.Sprint3.Task0.V3", "Tyuiu.YarkovSD.Sprint3.Task0.V3\Tyuiu.YarkovSD.Sprint3.Task0.V3.csproj", "{9412BF5D-7BD6-4CB2-9761-7F462B1B4E37}"
EndProject
Project("{FAE04EC0-301F-11D3-BF4B-00C04F79EFBC}") = "Tyuiu.YarkovSD.Sprint3.Task0.V3.Lib", "Tyuiu.YarkovSD.Sprint3.Task0.V3.Lib\Tyuiu.YarkovSD.Sprint3.Task0.V3.Lib.csproj", "{8BC2F63A-B028-46DD-BEA6-3553AC8E9C00}"
EndProject
Project("{FAE04EC0-301F-11D3-BF4B-00C04F79EFBC}") = "Tyuiu.YarkovSD.Sprint3.Task0.V3.Test", "Tyuiu.YarkovSD.Sprint3.Task0.V3.Test\Tyuiu.YarkovSD.Sprint3.Task0.V3.Test.csproj", "{29F9056C-2A1C-4478-807F-62323D3E5F90}"
EndProject
Project("{2150E333-8FDC-42A3-9474-1A3956D46DE8}") = "Task1", "Task1", "{11B4856E-CBF2-413D-94F0-5006119D24B6}"
EndProject
Project("{FAE04EC0-301F-11D3-BF4B-00C04F79EFBC}") = "Tyuiu.YarkovSD.Sprint3.Task1.V5", "Tyuiu.YarkovSD.Sprint3.Task1.V5\Tyuiu.YarkovSD.Sprint3.Task1.V5.csproj", "{242D07ED-3C86-4C54-96F1-D7736BE38EA0}"
EndProject
Project("{FAE04EC0-301F-11D3-BF4B-00C04F79EFBC}") = "Tyuiu.YarkovSD.Sprint3.Task1.V5.Lib", "Tyuiu.YarkovSD.Sprint3.Task1.V5.Lib\Tyuiu.YarkovSD.Sprint3.Task1.V5.Lib.csproj", "{EC469E3F-5719-4F43-8479-D23A1DAB36E5}"
EndProject
Project("{FAE04EC0-301F-11D3-BF4B-00C04F79EFBC}") = "Tyuiu.YarkovSD.Sprint3.Task1.V5.Test", "Tyuiu.YarkovSD.Sprint3.Task1.V5.Test\Tyuiu.YarkovSD.Sprint3.Task1.V5.Test.csproj", "{79EE3659-2E63-43D7-A6CD-8E0C975E5B2A}"
EndProject
Project("{2150E333-8FDC-42A3-9474-1A3956D46DE8}") = "Task2", "Task2", "{2D047FD9-3E6F-4C4C-8CDF-B00F92547EA7}"
EndProject
Project("{FAE04EC0-301F-11D3-BF4B-00C04F79EFBC}") = "Tyuiu.YarkovSD.Sprint3.Task2.V23", "Tyuiu.YarkovSD.Sprint3.Task2.V23\Tyuiu.YarkovSD.Sprint3.Task2.V23.csproj", "{2F54C31A-C6C6-4B92-B726-AE6DE4E83591}"
EndProject
Project("{FAE04EC0-301F-11D3-BF4B-00C04F79EFBC}") = "Tyuiu.YarkovSD.Sprint3.Task2.V23.Lib", "Tyuiu.YarkovSD.Sprint3.Task2.V23.Lib\Tyuiu.YarkovSD.Sprint3.Task2.V23.Lib.csproj", "{9BEAE901-D64B-4D93-8EB3-EE0544A74205}"
EndProject
Project("{FAE04EC0-301F-11D3-BF4B-00C04F79EFBC}") = "Tyuiu.YarkovSD.Sprint3.Task2.V23.Test", "Tyuiu.YarkovSD.Sprint3.Task2.V23.Test\Tyuiu.YarkovSD.Sprint3.Task2.V23.Test.csproj", "{EBD38734-4E03-4A8A-96EF-E5244AF63C86}"
EndProject
Project("{2150E333-8FDC-42A3-9474-1A3956D46DE8}") = "Task3", "Task3", "{D91C132E-45CA-4D17-809B-1B1487408C3D}"
EndProject
Project("{FAE04EC0-301F-11D3-BF4B-00C04F79EFBC}") = "Tyuiu.YarkovSD.Sprint3.Task3.V12", "Tyuiu.YarkovSD.Sprint3.Task3.V12\Tyuiu.YarkovSD.Sprint3.Task3.V12.csproj", "{374EEF60-42E4-488C-8C7D-658C54382153}"
EndProject
Project("{FAE04EC0-301F-11D3-BF4B-00C04F79EFBC}") = "Tyuiu.YarkovSD.Sprint3.Task3.V12.Lib", "Tyuiu.YarkovSD.Sprint3.Task3.V12.Lib\Tyuiu.YarkovSD.Sprint3.Task3.V12.Lib.csproj", "{77A876BB-40CF-4ADB-80FB-8EE46F129615}"
EndProject
Project("{FAE04EC0-301F-11D3-BF4B-00C04F79EFBC}") = "Tyuiu.YarkovSD.Sprint3.Task3.V12.Test", "Tyuiu.YarkovSD.Sprint3.Task3.V12.Test\Tyuiu.YarkovSD.Sprint3.Task3.V12.Test.csproj", "{E925BE96-0466-403B-A427-ABD1BC85F5D4}"
EndProject
Project("{2150E333-8FDC-42A3-9474-1A3956D46DE8}") = "Task4", "Task4", "{44E9785E-FB8A-408C-B68F-5D9444FEA289}"
EndProject
Project("{FAE04EC0-301F-11D3-BF4B-00C04F79EFBC}") = "Tyuiu.YarkovSD.Sprint3.Task4.V1", "Tyuiu.YarkovSD.Sprint3.Task4.V1\Tyuiu.YarkovSD.Sprint3.Task4.V1.csproj", "{5D5AAE13-0BBD-454B-8EBE-AF3373680BA0}"
EndProject
Project("{FAE04EC0-301F-11D3-BF4B-00C04F79EFBC}") = "Tyuiu.YarkovSD.Sprint3.Task4.V1.Lib", "Tyuiu.YarkovSD.Sprint3.Task4.V1.Lib\Tyuiu.YarkovSD.Sprint3.Task4.V1.Lib.csproj", "{BD143E9D-89A5-4371-906C-140D60587AF7}"
EndProject
Project("{FAE04EC0-301F-11D3-BF4B-00C04F79EFBC}") = "Tyuiu.YarkovSD.Sprint3.Task4.V1.Test", "Tyuiu.YarkovSD.Sprint3.Task4.V1.Test\Tyuiu.YarkovSD.Sprint3.Task4.V1.Test.csproj", "{EF58F26A-E9FA-4380-9CA0-0701C91E2530}"
EndProject
Global
	GlobalSection(SolutionConfigurationPlatforms) = preSolution
		Debug|Any CPU = Debug|Any CPU
		Release|Any CPU = Release|Any CPU
	EndGlobalSection
	GlobalSection(ProjectConfigurationPlatforms) = postSolution
		{9412BF5D-7BD6-4CB2-9761-7F462B1B4E37}.Debug|Any CPU.ActiveCfg = Debug|Any CPU
		{9412BF5D-7BD6-4CB2-9761-7F462B1B4E37}.Debug|Any CPU.Build.0 = Debug|Any CPU
		{9412BF5D-7BD6-4CB2-9761-7F462B1B4E37}.Release|Any CPU.ActiveCfg = Release|Any CPU
		{9412BF5D-7BD6-4CB2-9761-7F462B1B4E37}.Release|Any CPU.Build.0 = Release|Any CPU
		{8BC2F63A-B028-46DD-BEA6-3553AC8E9C00}.Debug|Any CPU.ActiveCfg = Debug|Any CPU
		{8BC2F63A-B028-46DD-BEA6-3553AC8E9C00}.Debug|Any CPU.Build.0 = Debug|Any CPU
		{8BC2F63A-B028-46DD-BEA6-3553AC8E9C00}.Release|Any CPU.ActiveCfg = Release|Any CPU
		{8BC2F63A-B028-46DD-BEA6-3553AC8E9C00}.Release|Any CPU.Build.0 = Release|Any CPU
		{29F9056C-2A1C-4478-807F-62323D3E5F90}.Debug|Any CPU.ActiveCfg = Debug|Any CPU
		{29F9056C-2A1C-4478-807F-62323D3E5F90}.Debug|Any CPU.Build.0 = Debug|Any CPU
		{29F9056C-2A1C-4478-807F-62323D3E5F90}.Release|Any CPU.ActiveCfg = Release|Any CPU
		{29F9056C-2A1C-4478-807F-62323D3E5F90}.Release|Any CPU.Build.0 = Release|Any CPU
		{242D07ED-3C86-4C54-96F1-D7736BE38EA0}.Debug|Any CPU.ActiveCfg = Debug|Any CPU
		{242D07ED-3C86-4C54-96F1-D7736BE38EA0}.Debug|Any CPU.Build.0 = Debug|Any CPU
		{242D07ED-3C86-4C54-96F1-D7736BE38EA0}.Release|Any CPU.ActiveCfg = Release|Any CPU
		{242D07ED-3C86-4C54-96F1-D7736BE38EA0}.Release|Any CPU.Build.0 = Release|Any CPU
		{EC469E3F-5719-4F43-8479-D23A1DAB36E5}.Debug|Any CPU.ActiveCfg = Debug|Any CPU
		{EC469E3F-5719-4F43-8479-D23A1DAB36E5}.Debug|Any CPU.Build.0 = Debug|Any CPU
		{EC469E3F-5719-4F43-8479-D23A1DAB36E5}.Release|Any CPU.ActiveCfg = Release|Any CPU
		{EC469E3F-5719-4F43-8479-D23A1DAB36E5}.Release|Any CPU.Build.0 = Release|Any CPU
		{79EE3659-2E63-43D7-A6CD-8E0C975E5B2A}.Debug|Any CPU.ActiveCfg = Debug|Any CPU
		{79EE3659-2E63-43D7-A6CD-8E0C975E5B2A}.Debug|Any CPU.Build.0 = Debug|Any CPU
		{79EE3659-2E63-43D7-A6CD-8E0C975E5B2A}.Release|Any CPU.ActiveCfg = Release|Any CPU
		{79EE3659-2E63-43D7-A6CD-8E0C975E5B2A}.Release|Any CPU.Build.0 = Release|Any CPU
		{2F54C31A-C6C6-4B92-B726-AE6DE4E83591}.Debug|Any CPU.ActiveCfg = Debug|Any CPU
		{2F54C31A-C6C6-4B92-B726-AE6DE4E83591}.Debug|Any CPU.Build.0 = Debug|Any CPU
		{2F54C31A-C6C6-4B92-B726-AE6DE4E83591}.Release|Any CPU.ActiveCfg = Release|Any CPU
		{2F54C31A-C6C6-4B92-B726-AE6DE4E83591}.Release|Any CPU.Build.0 = Release|Any CPU
		{9BEAE901-D64B-4D93-8EB3-EE0544A74205}.Debug|Any CPU.ActiveCfg = Debug|Any CPU
		{9BEAE901-D64B-4D93-8EB3-EE0544A74205}.Debug|Any CPU.Build.0 = Debug|Any CPU
		{9BEAE901-D64B-4D93-8EB3-EE0544A74205}.Release|Any CPU.ActiveCfg = Release|Any CPU
		{9BEAE901-D64B-4D93-8EB3-EE0544A74205}.Release|Any CPU.Build.0 = Release|Any CPU
		{EBD38734-4E03-4A8A-96EF-E5244AF63C86}.Debug|Any CPU.ActiveCfg = Debug|Any CPU
		{EBD38734-4E03-4A8A-96EF-E5244AF63C86}.Debug|Any CPU.Build.0 = Debug|Any CPU
		{EBD38734-4E03-4A8A-96EF-E5244AF63C86}.Release|Any CPU.ActiveCfg = Release|Any CPU
		{EBD38734-4E03-4A8A-96EF-E5244AF63C86}.Release|Any CPU.Build.0 = Release|Any CPU
		{374EEF60-42E4-488C-8C7D-658C54382153}.Debug|Any CPU.ActiveCfg = Debug|Any CPU
		{374EEF60-42E4-488C-8C7D-658C54382153}.Debug|Any CPU.Build.0 = Debug|Any CPU
		{374EEF60-42E4-488C-8C7D-658C54382153}.Release|Any CPU.ActiveCfg = Release|Any CPU
		{374EEF60-42E4-488C-8C7D-658C54382153}.Release|Any CPU.Build.0 = Release|Any CPU
		{77A876BB-40CF-4ADB-80FB-8EE46F129615}.Debug|Any CPU.ActiveCfg = Debug|Any CPU
		{77A876BB-40CF-4ADB-80FB-8EE46F129615}.Debug|Any CPU.Build.0 = Debug|Any CPU
		{77A876BB-40CF-4ADB-80FB-8EE46F129615}.Release|Any CPU.ActiveCfg = Release|Any CPU
		{77A876BB-40CF-4ADB-80FB-8EE46F129615}.Release|Any CPU.Build.0 = Release|Any CPU
		{E925BE96-0466-403B-A427-ABD1BC85F5D4}.Debug|Any CPU.ActiveCfg = Debug|Any CPU
		{E925BE96-0466-403B-A427-ABD1BC85F5D4}.Debug|Any CPU.Build.0 = Debug|Any CPU
		{E925BE96-0466-403B-A427-ABD1BC85F5D4}.Release|Any CPU.ActiveCfg = Release|Any CPU
		{E925BE96-0466-403B-A427-ABD1BC85F5D4}.Release|Any CPU.Build.0 = Release|Any CPU
		{5D5AAE13-0BBD-454B-8EBE-AF3373680BA0}.Debug|Any CPU.ActiveCfg = Debug|Any CPU
		{5D5AAE13-0BBD-454B-8EBE-AF3373680BA0}.Debug|Any CPU.Build.0 = Debug|Any CPU
		{5D5AAE13-0BBD-454B-8EBE-AF3373680BA0}.Release|Any CPU.ActiveCfg = Release|Any CPU
		{5D5AAE13-0BBD-454B-8EBE-AF3373680BA0}.Release|Any CPU.Build.0 = Release|Any CPU
		{BD143E9D-89A5-4371-906C-140D60587AF7}.Debug|Any CPU.ActiveCfg = Debug|Any CPU
		{BD143E9D-89A5-4371-906C-140D60587AF7}.Debug|Any CPU.Build.0 = Debug|Any CPU
		{BD143E9D-89A5-4371-906C-140D60587AF7}.Release|Any CPU.ActiveCfg = Release|Any CPU
		{BD143E9D-89A5-4371-906C-140D60587AF7}.Release|Any CPU.Build.0 = Release|Any CPU
		{EF58F26A-E9FA-4380-9CA0-0701C91E2530}.Debug|Any CPU.ActiveCfg = Debug|Any CPU
		{EF58F26A-E9FA-4380-9CA0-0701C91E2530}.Debug|Any CPU.Build.0 = Debug|Any CPU
		{EF58F26A-E9FA-4380-9CA0-0701C91E2530}.Release|Any CPU.ActiveCfg = Release|Any CPU
		{EF58F26A-E9FA-4380-9CA0-0701C91E2530}.Release|Any CPU.Build.0 = Release|Any CPU
	EndGlobalSection
	GlobalSection(SolutionProperties) = preSolution
		HideSolutionNode = FALSE
	EndGlobalSection
	GlobalSection(NestedProjects) = preSolution
		{9412BF5D-7BD6-4CB2-9761-7F462B1B4E37} = {36D591C7-65C7-A0D1-1CBC-10CDE441BDC8}
		{8BC2F63A-B028-46DD-BEA6-3553AC8E9C00} = {36D591C7-65C7-A0D1-1CBC-10CDE441BDC8}
		{29F9056C-2A1C-4478-807F-62323D3E5F90} = {36D591C7-65C7-A0D1-1CBC-10CDE441BDC8}
		{242D07ED-3C86-4C54-96F1-D7736BE38EA0} = {11B4856E-CBF2-413D-94F0-5006119D24B6}
		{EC469E3F-5719-4F43-8479-D23A1DAB36E5} = {11B4856E-CBF2-413D-94F0-5006119D24B6}
		{79EE3659-2E63-43D7-A6CD-8E0C975E5B2A} = {11B4856E-CBF2-413D-94F0-5006119D24B6}
		{2F54C31A-C6C6-4B92-B726-AE6DE4E83591} = {2D047FD9-3E6F-4C4C-8CDF-B00F92547EA7}
		{9BEAE901-D64B-4D93-8EB3-EE0544A74205} = {2D047FD9-3E6F-4C4C-8CDF-B00F92547EA7}
		{EBD38734-4E03-4A8A-96EF-E5244AF63C86} = {2D047FD9-3E6F-4C4C-8CDF-B00F92547EA7}
		{374EEF60-42E4-488C-8C7D-658C54382153} = {D91C132E-45CA-4D17-809B-1B1487408C3D}
		{77A876BB-40CF-4ADB-80FB-8EE46F129615} = {D91C132E-45CA-4D17-809B-1B1487408C3D}
		{E925BE96-0466-403B-A427-ABD1BC85F5D4} = {D91C132E-45CA-4D17-809B-1B1487408C3D}
		{5D5AAE13-0BBD-454B-8EBE-AF3373680BA0} = {44E9785E-FB8A-408C-B68F-5D9444FEA289}
		{BD143E9D-89A5-4371-906C-140D60587AF7} = {44E9785E-FB8A-408C-B68F-5D9444FEA289}
		{EF58F26A-E9FA-4380-9CA0-0701C91E2530} = {44E9785E-FB8A-408C-B68F-5D9444FEA289}
	EndGlobalSection
	GlobalSection(ExtensibilityGlobals) = postSolution
		SolutionGuid = {6FBB03DA-08A9-4AB5-964F-A1D56987EB1D}
	EndGlobalSection
EndGlobal
